
Microsoft Visual Studio Solution File, Format Version 12.00
# Visual Studio 15
VisualStudioVersion = 15.0.28307.1259
MinimumVisualStudioVersion = 10.0.40219.1
Project("{FAE04EC0-301F-11D3-BF4B-00C04F79EFBC}") = "OEE", "OEE\OEE.csproj", "{BCC9186C-ED5F-4A87-A52A-E3350DF1910F}"
EndProject
Global
	GlobalSection(SolutionConfigurationPlatforms) = preSolution
		Debug|Any CPU = Debug|Any CPU
		Release|Any CPU = Release|Any CPU
	EndGlobalSection
	GlobalSection(ProjectConfigurationPlatforms) = postSolution
		{BCC9186C-ED5F-4A87-A52A-E3350DF1910F}.Debug|Any CPU.ActiveCfg = Debug|Any CPU
		{BCC9186C-ED5F-4A87-A52A-E3350DF1910F}.Debug|Any CPU.Build.0 = Debug|Any CPU
		{BCC9186C-ED5F-4A87-A52A-E3350DF1910F}.Release|Any CPU.ActiveCfg = Release|Any CPU
		{BCC9186C-ED5F-4A87-A52A-E3350DF1910F}.Release|Any CPU.Build.0 = Release|Any CPU
	EndGlobalSection
	GlobalSection(SolutionProperties) = preSolution
		HideSolutionNode = FALSE
	EndGlobalSection
	GlobalSection(ExtensibilityGlobals) = postSolution
		SolutionGuid = {8AB965AA-CD1F-4DD1-9625-1D7A9F6527E9}
	EndGlobalSection
EndGlobal
